// !$*UTF8*$!
{
	archiveVersion = 1;
	classes = {
	};
	objectVersion = 55;
	objects = {

/* Begin PBXBuildFile section */
		A3659CC428F5912500F60B5C /* AppDelegate.swift in Sources */ = {isa = PBXBuildFile; fileRef = A3659CC328F5912500F60B5C /* AppDelegate.swift */; };
		A3659CC628F5912500F60B5C /* SceneDelegate.swift in Sources */ = {isa = PBXBuildFile; fileRef = A3659CC528F5912500F60B5C /* SceneDelegate.swift */; };
		A3659CC828F5912500F60B5C /* ViewController.swift in Sources */ = {isa = PBXBuildFile; fileRef = A3659CC728F5912500F60B5C /* ViewController.swift */; };
		A3659CCD28F5912500F60B5C /* Assets.xcassets in Resources */ = {isa = PBXBuildFile; fileRef = A3659CCC28F5912500F60B5C /* Assets.xcassets */; };
		A3659CD028F5912500F60B5C /* LaunchScreen.storyboard in Resources */ = {isa = PBXBuildFile; fileRef = A3659CCE28F5912500F60B5C /* LaunchScreen.storyboard */; };
		A3659D3528F62A6E00F60B5C /* UIView_Pin.swift in Sources */ = {isa = PBXBuildFile; fileRef = A3659D3428F62A6E00F60B5C /* UIView_Pin.swift */; };
		A3755505290ED62E0058668F /* ColorPaletteView.swift in Sources */ = {isa = PBXBuildFile; fileRef = A3755504290ED62E0058668F /* ColorPaletteView.swift */; };
		A3755507290F15A10058668F /* UIColorExtension.swift in Sources */ = {isa = PBXBuildFile; fileRef = A3755506290F15A10058668F /* UIColorExtension.swift */; };
		A39E4B2C292D31BF00A1A8F2 /* NotesViewController.swift in Sources */ = {isa = PBXBuildFile; fileRef = A39E4B2B292D31BF00A1A8F2 /* NotesViewController.swift */; };
		A39E4B2E292D43E700A1A8F2 /* ShortNote.swift in Sources */ = {isa = PBXBuildFile; fileRef = A39E4B2D292D43E700A1A8F2 /* ShortNote.swift */; };
		A39E4B30292D443600A1A8F2 /* NoteCell.swift in Sources */ = {isa = PBXBuildFile; fileRef = A39E4B2F292D443600A1A8F2 /* NoteCell.swift */; };
		A39E4B32292D471E00A1A8F2 /* AddNoteCell.swift in Sources */ = {isa = PBXBuildFile; fileRef = A39E4B31292D471E00A1A8F2 /* AddNoteCell.swift */; };
		A3BC9EAE29426B1600C758B5 /* NewsListViewController.swift in Sources */ = {isa = PBXBuildFile; fileRef = A3BC9EAD29426B1600C758B5 /* NewsListViewController.swift */; };
		A3BC9EB02942713100C758B5 /* UITableViewCell.swift in Sources */ = {isa = PBXBuildFile; fileRef = A3BC9EAF2942713100C758B5 /* UITableViewCell.swift */; };
		A3BC9EB2294276C300C758B5 /* NewsViewModel.swift in Sources */ = {isa = PBXBuildFile; fileRef = A3BC9EB1294276C300C758B5 /* NewsViewModel.swift */; };
		A3BC9EB429427A1B00C758B5 /* NewsViewController.swift in Sources */ = {isa = PBXBuildFile; fileRef = A3BC9EB329427A1B00C758B5 /* NewsViewController.swift */; };
		A3BC9EB62942808500C758B5 /* URLSession.swift in Sources */ = {isa = PBXBuildFile; fileRef = A3BC9EB52942808500C758B5 /* URLSession.swift */; };
		A3BC9EBA29429AD000C758B5 /* ShimmerView.swift in Sources */ = {isa = PBXBuildFile; fileRef = A3BC9EB929429AD000C758B5 /* ShimmerView.swift */; };
/* End PBXBuildFile section */

/* Begin PBXFileReference section */
		A3659CC028F5912500F60B5C /* IOS_HW_2.app */ = {isa = PBXFileReference; explicitFileType = wrapper.application; includeInIndex = 0; path = IOS_HW_2.app; sourceTree = BUILT_PRODUCTS_DIR; };
		A3659CC328F5912500F60B5C /* AppDelegate.swift */ = {isa = PBXFileReference; lastKnownFileType = sourcecode.swift; path = AppDelegate.swift; sourceTree = "<group>"; };
		A3659CC528F5912500F60B5C /* SceneDelegate.swift */ = {isa = PBXFileReference; lastKnownFileType = sourcecode.swift; path = SceneDelegate.swift; sourceTree = "<group>"; };
		A3659CC728F5912500F60B5C /* ViewController.swift */ = {isa = PBXFileReference; lastKnownFileType = sourcecode.swift; path = ViewController.swift; sourceTree = "<group>"; };
		A3659CCC28F5912500F60B5C /* Assets.xcassets */ = {isa = PBXFileReference; lastKnownFileType = folder.assetcatalog; path = Assets.xcassets; sourceTree = "<group>"; };
		A3659CCF28F5912500F60B5C /* Base */ = {isa = PBXFileReference; lastKnownFileType = file.storyboard; name = Base; path = Base.lproj/LaunchScreen.storyboard; sourceTree = "<group>"; };
		A3659CD128F5912500F60B5C /* Info.plist */ = {isa = PBXFileReference; lastKnownFileType = text.plist.xml; path = Info.plist; sourceTree = "<group>"; };
		A3659D3428F62A6E00F60B5C /* UIView_Pin.swift */ = {isa = PBXFileReference; lastKnownFileType = sourcecode.swift; path = UIView_Pin.swift; sourceTree = "<group>"; };
		A3755504290ED62E0058668F /* ColorPaletteView.swift */ = {isa = PBXFileReference; lastKnownFileType = sourcecode.swift; path = ColorPaletteView.swift; sourceTree = "<group>"; };
		A3755506290F15A10058668F /* UIColorExtension.swift */ = {isa = PBXFileReference; lastKnownFileType = sourcecode.swift; path = UIColorExtension.swift; sourceTree = "<group>"; };
		A39E4B2B292D31BF00A1A8F2 /* NotesViewController.swift */ = {isa = PBXFileReference; lastKnownFileType = sourcecode.swift; path = NotesViewController.swift; sourceTree = "<group>"; };
		A39E4B2D292D43E700A1A8F2 /* ShortNote.swift */ = {isa = PBXFileReference; lastKnownFileType = sourcecode.swift; path = ShortNote.swift; sourceTree = "<group>"; };
		A39E4B2F292D443600A1A8F2 /* NoteCell.swift */ = {isa = PBXFileReference; lastKnownFileType = sourcecode.swift; path = NoteCell.swift; sourceTree = "<group>"; };
		A39E4B31292D471E00A1A8F2 /* AddNoteCell.swift */ = {isa = PBXFileReference; lastKnownFileType = sourcecode.swift; path = AddNoteCell.swift; sourceTree = "<group>"; };
		A3BC9EAD29426B1600C758B5 /* NewsListViewController.swift */ = {isa = PBXFileReference; lastKnownFileType = sourcecode.swift; path = NewsListViewController.swift; sourceTree = "<group>"; };
		A3BC9EAF2942713100C758B5 /* UITableViewCell.swift */ = {isa = PBXFileReference; lastKnownFileType = sourcecode.swift; path = UITableViewCell.swift; sourceTree = "<group>"; };
		A3BC9EB1294276C300C758B5 /* NewsViewModel.swift */ = {isa = PBXFileReference; lastKnownFileType = sourcecode.swift; path = NewsViewModel.swift; sourceTree = "<group>"; };
		A3BC9EB329427A1B00C758B5 /* NewsViewController.swift */ = {isa = PBXFileReference; lastKnownFileType = sourcecode.swift; path = NewsViewController.swift; sourceTree = "<group>"; };
		A3BC9EB52942808500C758B5 /* URLSession.swift */ = {isa = PBXFileReference; lastKnownFileType = sourcecode.swift; path = URLSession.swift; sourceTree = "<group>"; };
		A3BC9EB929429AD000C758B5 /* ShimmerView.swift */ = {isa = PBXFileReference; lastKnownFileType = sourcecode.swift; path = ShimmerView.swift; sourceTree = "<group>"; };
/* End PBXFileReference section */

/* Begin PBXFrameworksBuildPhase section */
		A3659CBD28F5912500F60B5C /* Frameworks */ = {
			isa = PBXFrameworksBuildPhase;
			buildActionMask = 2147483647;
			files = (
			);
			runOnlyForDeploymentPostprocessing = 0;
		};
/* End PBXFrameworksBuildPhase section */

/* Begin PBXGroup section */
		A3659CB728F5912400F60B5C = {
			isa = PBXGroup;
			children = (
				A3659CC228F5912500F60B5C /* IOS_HW_2 */,
				A3659CC128F5912500F60B5C /* Products */,
			);
			sourceTree = "<group>";
		};
		A3659CC128F5912500F60B5C /* Products */ = {
			isa = PBXGroup;
			children = (
				A3659CC028F5912500F60B5C /* IOS_HW_2.app */,
			);
			name = Products;
			sourceTree = "<group>";
		};
		A3659CC228F5912500F60B5C /* IOS_HW_2 */ = {
			isa = PBXGroup;
			children = (
				A3659D3328F62A2F00F60B5C /* View */,
				A3659CC328F5912500F60B5C /* AppDelegate.swift */,
				A3659CC528F5912500F60B5C /* SceneDelegate.swift */,
				A3659CC728F5912500F60B5C /* ViewController.swift */,
				A39E4B34292D52DA00A1A8F2 /* Color */,
				A39E4B33292D52B100A1A8F2 /* Notes */,
				A3659CCC28F5912500F60B5C /* Assets.xcassets */,
				A3659CCE28F5912500F60B5C /* LaunchScreen.storyboard */,
				A3659CD128F5912500F60B5C /* Info.plist */,
				A3BC9EBD2942A15A00C758B5 /* News */,
			);
			path = IOS_HW_2;
			sourceTree = "<group>";
		};
		A3659D3328F62A2F00F60B5C /* View */ = {
			isa = PBXGroup;
			children = (
				A3659D3428F62A6E00F60B5C /* UIView_Pin.swift */,
			);
			path = View;
			sourceTree = "<group>";
		};
		A39E4B33292D52B100A1A8F2 /* Notes */ = {
			isa = PBXGroup;
			children = (
				A39E4B2F292D443600A1A8F2 /* NoteCell.swift */,
				A39E4B31292D471E00A1A8F2 /* AddNoteCell.swift */,
				A39E4B2B292D31BF00A1A8F2 /* NotesViewController.swift */,
				A39E4B2D292D43E700A1A8F2 /* ShortNote.swift */,
			);
			path = Notes;
			sourceTree = "<group>";
		};
		A39E4B34292D52DA00A1A8F2 /* Color */ = {
			isa = PBXGroup;
			children = (
				A3755506290F15A10058668F /* UIColorExtension.swift */,
				A3755504290ED62E0058668F /* ColorPaletteView.swift */,
			);
			path = Color;
			sourceTree = "<group>";
		};
		A3BC9EBD2942A15A00C758B5 /* News */ = {
			isa = PBXGroup;
			children = (
				A3BC9EAF2942713100C758B5 /* UITableViewCell.swift */,
				A3BC9EB1294276C300C758B5 /* NewsViewModel.swift */,
				A3BC9EB329427A1B00C758B5 /* NewsViewController.swift */,
				A3BC9EAD29426B1600C758B5 /* NewsListViewController.swift */,
				A3BC9EB52942808500C758B5 /* URLSession.swift */,
				A3BC9EB929429AD000C758B5 /* ShimmerView.swift */,
			);
			path = News;
			sourceTree = "<group>";
		};
/* End PBXGroup section */

/* Begin PBXNativeTarget section */
		A3659CBF28F5912500F60B5C /* IOS_HW_2 */ = {
			isa = PBXNativeTarget;
			buildConfigurationList = A3659CEA28F5912600F60B5C /* Build configuration list for PBXNativeTarget "IOS_HW_2" */;
			buildPhases = (
				A3659CBC28F5912500F60B5C /* Sources */,
				A3659CBD28F5912500F60B5C /* Frameworks */,
				A3659CBE28F5912500F60B5C /* Resources */,
			);
			buildRules = (
			);
			dependencies = (
			);
			name = IOS_HW_2;
			productName = IOS_HW_2;
			productReference = A3659CC028F5912500F60B5C /* IOS_HW_2.app */;
			productType = "com.apple.product-type.application";
		};
/* End PBXNativeTarget section */

/* Begin PBXProject section */
		A3659CB828F5912400F60B5C /* Project object */ = {
			isa = PBXProject;
			attributes = {
				BuildIndependentTargetsInParallel = 1;
				LastSwiftUpdateCheck = 1400;
				LastUpgradeCheck = 1400;
				TargetAttributes = {
					A3659CBF28F5912500F60B5C = {
						CreatedOnToolsVersion = 14.0.1;
					};
				};
			};
			buildConfigurationList = A3659CBB28F5912400F60B5C /* Build configuration list for PBXProject "IOS_HW_2" */;
			compatibilityVersion = "Xcode 13.0";
			developmentRegion = en;
			hasScannedForEncodings = 0;
			knownRegions = (
				en,
				Base,
			);
			mainGroup = A3659CB728F5912400F60B5C;
			productRefGroup = A3659CC128F5912500F60B5C /* Products */;
			projectDirPath = "";
			projectRoot = "";
			targets = (
				A3659CBF28F5912500F60B5C /* IOS_HW_2 */,
			);
		};
/* End PBXProject section */

/* Begin PBXResourcesBuildPhase section */
		A3659CBE28F5912500F60B5C /* Resources */ = {
			isa = PBXResourcesBuildPhase;
			buildActionMask = 2147483647;
			files = (
				A3659CD028F5912500F60B5C /* LaunchScreen.storyboard in Resources */,
				A3659CCD28F5912500F60B5C /* Assets.xcassets in Resources */,
			);
			runOnlyForDeploymentPostprocessing = 0;
		};
/* End PBXResourcesBuildPhase section */

/* Begin PBXSourcesBuildPhase section */
		A3659CBC28F5912500F60B5C /* Sources */ = {
			isa = PBXSourcesBuildPhase;
			buildActionMask = 2147483647;
			files = (
				A39E4B2E292D43E700A1A8F2 /* ShortNote.swift in Sources */,
				A3659CC828F5912500F60B5C /* ViewController.swift in Sources */,
				A3BC9EB62942808500C758B5 /* URLSession.swift in Sources */,
				A3755505290ED62E0058668F /* ColorPaletteView.swift in Sources */,
				A3659CC428F5912500F60B5C /* AppDelegate.swift in Sources */,
				A39E4B2C292D31BF00A1A8F2 /* NotesViewController.swift in Sources */,
				A39E4B32292D471E00A1A8F2 /* AddNoteCell.swift in Sources */,
				A3BC9EAE29426B1600C758B5 /* NewsListViewController.swift in Sources */,
				A3659D3528F62A6E00F60B5C /* UIView_Pin.swift in Sources */,
				A39E4B30292D443600A1A8F2 /* NoteCell.swift in Sources */,
				A3BC9EB02942713100C758B5 /* UITableViewCell.swift in Sources */,
				A3BC9EB2294276C300C758B5 /* NewsViewModel.swift in Sources */,
				A3BC9EB429427A1B00C758B5 /* NewsViewController.swift in Sources */,
				A3BC9EBA29429AD000C758B5 /* ShimmerView.swift in Sources */,
				A3659CC628F5912500F60B5C /* SceneDelegate.swift in Sources */,
				A3755507290F15A10058668F /* UIColorExtension.swift in Sources */,
			);
			runOnlyForDeploymentPostprocessing = 0;
		};
/* End PBXSourcesBuildPhase section */

/* Begin PBXVariantGroup section */
		A3659CCE28F5912500F60B5C /* LaunchScreen.storyboard */ = {
			isa = PBXVariantGroup;
			children = (
				A3659CCF28F5912500F60B5C /* Base */,
			);
			name = LaunchScreen.storyboard;
			sourceTree = "<group>";
		};
/* End PBXVariantGroup section */

/* Begin XCBuildConfiguration section */
		A3659CE828F5912600F60B5C /* Debug */ = {
			isa = XCBuildConfiguration;
			buildSettings = {
				ALWAYS_SEARCH_USER_PATHS = NO;
				CLANG_ANALYZER_NONNULL = YES;
				CLANG_ANALYZER_NUMBER_OBJECT_CONVERSION = YES_AGGRESSIVE;
				CLANG_CXX_LANGUAGE_STANDARD = "gnu++20";
				CLANG_ENABLE_MODULES = YES;
				CLANG_ENABLE_OBJC_ARC = YES;
				CLANG_ENABLE_OBJC_WEAK = YES;
				CLANG_WARN_BLOCK_CAPTURE_AUTORELEASING = YES;
				CLANG_WARN_BOOL_CONVERSION = YES;
				CLANG_WARN_COMMA = YES;
				CLANG_WARN_CONSTANT_CONVERSION = YES;
				CLANG_WARN_DEPRECATED_OBJC_IMPLEMENTATIONS = YES;
				CLANG_WARN_DIRECT_OBJC_ISA_USAGE = YES_ERROR;
				CLANG_WARN_DOCUMENTATION_COMMENTS = YES;
				CLANG_WARN_EMPTY_BODY = YES;
				CLANG_WARN_ENUM_CONVERSION = YES;
				CLANG_WARN_INFINITE_RECURSION = YES;
				CLANG_WARN_INT_CONVERSION = YES;
				CLANG_WARN_NON_LITERAL_NULL_CONVERSION = YES;
				CLANG_WARN_OBJC_IMPLICIT_RETAIN_SELF = YES;
				CLANG_WARN_OBJC_LITERAL_CONVERSION = YES;
				CLANG_WARN_OBJC_ROOT_CLASS = YES_ERROR;
				CLANG_WARN_QUOTED_INCLUDE_IN_FRAMEWORK_HEADER = YES;
				CLANG_WARN_RANGE_LOOP_ANALYSIS = YES;
				CLANG_WARN_STRICT_PROTOTYPES = YES;
				CLANG_WARN_SUSPICIOUS_MOVE = YES;
				CLANG_WARN_UNGUARDED_AVAILABILITY = YES_AGGRESSIVE;
				CLANG_WARN_UNREACHABLE_CODE = YES;
				CLANG_WARN__DUPLICATE_METHOD_MATCH = YES;
				COPY_PHASE_STRIP = NO;
				DEBUG_INFORMATION_FORMAT = dwarf;
				ENABLE_STRICT_OBJC_MSGSEND = YES;
				ENABLE_TESTABILITY = YES;
				GCC_C_LANGUAGE_STANDARD = gnu11;
				GCC_DYNAMIC_NO_PIC = NO;
				GCC_NO_COMMON_BLOCKS = YES;
				GCC_OPTIMIZATION_LEVEL = 0;
				GCC_PREPROCESSOR_DEFINITIONS = (
					"DEBUG=1",
					"$(inherited)",
				);
				GCC_WARN_64_TO_32_BIT_CONVERSION = YES;
				GCC_WARN_ABOUT_RETURN_TYPE = YES_ERROR;
				GCC_WARN_UNDECLARED_SELECTOR = YES;
				GCC_WARN_UNINITIALIZED_AUTOS = YES_AGGRESSIVE;
				GCC_WARN_UNUSED_FUNCTION = YES;
				GCC_WARN_UNUSED_VARIABLE = YES;
				IPHONEOS_DEPLOYMENT_TARGET = 16.0;
				MTL_ENABLE_DEBUG_INFO = INCLUDE_SOURCE;
				MTL_FAST_MATH = YES;
				ONLY_ACTIVE_ARCH = YES;
				SDKROOT = iphoneos;
				SWIFT_ACTIVE_COMPILATION_CONDITIONS = DEBUG;
				SWIFT_OPTIMIZATION_LEVEL = "-Onone";
			};
			name = Debug;
		};
		A3659CE928F5912600F60B5C /* Release */ = {
			isa = XCBuildConfiguration;
			buildSettings = {
				ALWAYS_SEARCH_USER_PATHS = NO;
				CLANG_ANALYZER_NONNULL = YES;
				CLANG_ANALYZER_NUMBER_OBJECT_CONVERSION = YES_AGGRESSIVE;
				CLANG_CXX_LANGUAGE_STANDARD = "gnu++20";
				CLANG_ENABLE_MODULES = YES;
				CLANG_ENABLE_OBJC_ARC = YES;
				CLANG_ENABLE_OBJC_WEAK = YES;
				CLANG_WARN_BLOCK_CAPTURE_AUTORELEASING = YES;
				CLANG_WARN_BOOL_CONVERSION = YES;
				CLANG_WARN_COMMA = YES;
				CLANG_WARN_CONSTANT_CONVERSION = YES;
				CLANG_WARN_DEPRECATED_OBJC_IMPLEMENTATIONS = YES;
				CLANG_WARN_DIRECT_OBJC_ISA_USAGE = YES_ERROR;
				CLANG_WARN_DOCUMENTATION_COMMENTS = YES;
				CLANG_WARN_EMPTY_BODY = YES;
				CLANG_WARN_ENUM_CONVERSION = YES;
				CLANG_WARN_INFINITE_RECURSION = YES;
				CLANG_WARN_INT_CONVERSION = YES;
				CLANG_WARN_NON_LITERAL_NULL_CONVERSION = YES;
				CLANG_WARN_OBJC_IMPLICIT_RETAIN_SELF = YES;
				CLANG_WARN_OBJC_LITERAL_CONVERSION = YES;
				CLANG_WARN_OBJC_ROOT_CLASS = YES_ERROR;
				CLANG_WARN_QUOTED_INCLUDE_IN_FRAMEWORK_HEADER = YES;
				CLANG_WARN_RANGE_LOOP_ANALYSIS = YES;
				CLANG_WARN_STRICT_PROTOTYPES = YES;
				CLANG_WARN_SUSPICIOUS_MOVE = YES;
				CLANG_WARN_UNGUARDED_AVAILABILITY = YES_AGGRESSIVE;
				CLANG_WARN_UNREACHABLE_CODE = YES;
				CLANG_WARN__DUPLICATE_METHOD_MATCH = YES;
				COPY_PHASE_STRIP = NO;
				DEBUG_INFORMATION_FORMAT = "dwarf-with-dsym";
				ENABLE_NS_ASSERTIONS = NO;
				ENABLE_STRICT_OBJC_MSGSEND = YES;
				GCC_C_LANGUAGE_STANDARD = gnu11;
				GCC_NO_COMMON_BLOCKS = YES;
				GCC_WARN_64_TO_32_BIT_CONVERSION = YES;
				GCC_WARN_ABOUT_RETURN_TYPE = YES_ERROR;
				GCC_WARN_UNDECLARED_SELECTOR = YES;
				GCC_WARN_UNINITIALIZED_AUTOS = YES_AGGRESSIVE;
				GCC_WARN_UNUSED_FUNCTION = YES;
				GCC_WARN_UNUSED_VARIABLE = YES;
				IPHONEOS_DEPLOYMENT_TARGET = 16.0;
				MTL_ENABLE_DEBUG_INFO = NO;
				MTL_FAST_MATH = YES;
				SDKROOT = iphoneos;
				SWIFT_COMPILATION_MODE = wholemodule;
				SWIFT_OPTIMIZATION_LEVEL = "-O";
				VALIDATE_PRODUCT = YES;
			};
			name = Release;
		};
		A3659CEB28F5912600F60B5C /* Debug */ = {
			isa = XCBuildConfiguration;
			buildSettings = {
				ASSETCATALOG_COMPILER_APPICON_NAME = AppIcon;
				ASSETCATALOG_COMPILER_GLOBAL_ACCENT_COLOR_NAME = AccentColor;
				CODE_SIGN_STYLE = Automatic;
				CURRENT_PROJECT_VERSION = 1;
				GENERATE_INFOPLIST_FILE = YES;
				INFOPLIST_FILE = IOS_HW_2/Info.plist;
				INFOPLIST_KEY_UIApplicationSupportsIndirectInputEvents = YES;
				INFOPLIST_KEY_UILaunchStoryboardName = LaunchScreen;
				INFOPLIST_KEY_UISupportedInterfaceOrientations_iPad = "UIInterfaceOrientationPortrait UIInterfaceOrientationPortraitUpsideDown UIInterfaceOrientationLandscapeLeft UIInterfaceOrientationLandscapeRight";
				INFOPLIST_KEY_UISupportedInterfaceOrientations_iPhone = "UIInterfaceOrientationPortrait UIInterfaceOrientationLandscapeLeft UIInterfaceOrientationLandscapeRight";
				IPHONEOS_DEPLOYMENT_TARGET = 13.0;
				LD_RUNPATH_SEARCH_PATHS = (
					"$(inherited)",
					"@executable_path/Frameworks",
				);
				MARKETING_VERSION = 1.0;
				PRODUCT_BUNDLE_IDENTIFIER = "hse.IOS-HW-2";
				PRODUCT_NAME = "$(TARGET_NAME)";
				SWIFT_EMIT_LOC_STRINGS = YES;
				SWIFT_VERSION = 5.0;
				TARGETED_DEVICE_FAMILY = "1,2";
			};
			name = Debug;
		};
		A3659CEC28F5912600F60B5C /* Release */ = {
			isa = XCBuildConfiguration;
			buildSettings = {
				ASSETCATALOG_COMPILER_APPICON_NAME = AppIcon;
				ASSETCATALOG_COMPILER_GLOBAL_ACCENT_COLOR_NAME = AccentColor;
				CODE_SIGN_STYLE = Automatic;
				CURRENT_PROJECT_VERSION = 1;
				GENERATE_INFOPLIST_FILE = YES;
				INFOPLIST_FILE = IOS_HW_2/Info.plist;
				INFOPLIST_KEY_UIApplicationSupportsIndirectInputEvents = YES;
				INFOPLIST_KEY_UILaunchStoryboardName = LaunchScreen;
				INFOPLIST_KEY_UISupportedInterfaceOrientations_iPad = "UIInterfaceOrientationPortrait UIInterfaceOrientationPortraitUpsideDown UIInterfaceOrientationLandscapeLeft UIInterfaceOrientationLandscapeRight";
				INFOPLIST_KEY_UISupportedInterfaceOrientations_iPhone = "UIInterfaceOrientationPortrait UIInterfaceOrientationLandscapeLeft UIInterfaceOrientationLandscapeRight";
				IPHONEOS_DEPLOYMENT_TARGET = 13.0;
				LD_RUNPATH_SEARCH_PATHS = (
					"$(inherited)",
					"@executable_path/Frameworks",
				);
				MARKETING_VERSION = 1.0;
				PRODUCT_BUNDLE_IDENTIFIER = "hse.IOS-HW-2";
				PRODUCT_NAME = "$(TARGET_NAME)";
				SWIFT_EMIT_LOC_STRINGS = YES;
				SWIFT_VERSION = 5.0;
				TARGETED_DEVICE_FAMILY = "1,2";
			};
			name = Release;
		};
/* End XCBuildConfiguration section */

/* Begin XCConfigurationList section */
		A3659CBB28F5912400F60B5C /* Build configuration list for PBXProject "IOS_HW_2" */ = {
			isa = XCConfigurationList;
			buildConfigurations = (
				A3659CE828F5912600F60B5C /* Debug */,
				A3659CE928F5912600F60B5C /* Release */,
			);
			defaultConfigurationIsVisible = 0;
			defaultConfigurationName = Release;
		};
		A3659CEA28F5912600F60B5C /* Build configuration list for PBXNativeTarget "IOS_HW_2" */ = {
			isa = XCConfigurationList;
			buildConfigurations = (
				A3659CEB28F5912600F60B5C /* Debug */,
				A3659CEC28F5912600F60B5C /* Release */,
			);
			defaultConfigurationIsVisible = 0;
			defaultConfigurationName = Release;
		};
/* End XCConfigurationList section */
	};
	rootObject = A3659CB828F5912400F60B5C /* Project object */;
}
